
Microsoft Visual Studio Solution File, Format Version 12.00
# Visual Studio 14
VisualStudioVersion = 14.0.25123.0
MinimumVisualStudioVersion = 10.0.40219.1
Project("{FAE04EC0-301F-11D3-BF4B-00C04F79EFBC}") = "Catalog", "Catalog\Catalog.csproj", "{A7FDDD34-0F2E-453E-9623-6C82DD151C19}"
EndProject
Project("{FAE04EC0-301F-11D3-BF4B-00C04F79EFBC}") = "Catalog.Shared", "Catalog.Shared\Catalog.Shared.csproj", "{1BF38A0C-F5F0-4C81-A296-027D652EF59F}"
EndProject
Global
	GlobalSection(SolutionConfigurationPlatforms) = preSolution
		Debug|Any CPU = Debug|Any CPU
		Release|Any CPU = Release|Any CPU
	EndGlobalSection
	GlobalSection(ProjectConfigurationPlatforms) = postSolution
		{A7FDDD34-0F2E-453E-9623-6C82DD151C19}.Debug|Any CPU.ActiveCfg = Debug|Any CPU
		{A7FDDD34-0F2E-453E-9623-6C82DD151C19}.Debug|Any CPU.Build.0 = Debug|Any CPU
		{A7FDDD34-0F2E-453E-9623-6C82DD151C19}.Release|Any CPU.ActiveCfg = Release|Any CPU
		{A7FDDD34-0F2E-453E-9623-6C82DD151C19}.Release|Any CPU.Build.0 = Release|Any CPU
		{1BF38A0C-F5F0-4C81-A296-027D652EF59F}.Debug|Any CPU.ActiveCfg = Debug|Any CPU
		{1BF38A0C-F5F0-4C81-A296-027D652EF59F}.Debug|Any CPU.Build.0 = Debug|Any CPU
		{1BF38A0C-F5F0-4C81-A296-027D652EF59F}.Release|Any CPU.ActiveCfg = Release|Any CPU
		{1BF38A0C-F5F0-4C81-A296-027D652EF59F}.Release|Any CPU.Build.0 = Release|Any CPU
	EndGlobalSection
	GlobalSection(SolutionProperties) = preSolution
		HideSolutionNode = FALSE
	EndGlobalSection
EndGlobal
